
Microsoft Visual Studio Solution File, Format Version 12.00
# Visual Studio Version 16
VisualStudioVersion = 16.0.30114.105
MinimumVisualStudioVersion = 10.0.40219.1
Project("{2150E333-8FDC-42A3-9474-1A3956D46DE8}") = "src", "src", "{5E6E99F1-0A03-48E2-8597-6E24B986205E}"
EndProject
Project("{FAE04EC0-301F-11D3-BF4B-00C04F79EFBC}") = "Library", "src\Library\Library.csproj", "{90B5DDD5-2E71-46F1-BAD1-8FC5910362EE}"
EndProject
Project("{2150E333-8FDC-42A3-9474-1A3956D46DE8}") = "tests", "tests", "{38F548E8-F24C-4837-A5CA-1DE86D4A1A61}"
EndProject
Project("{FAE04EC0-301F-11D3-BF4B-00C04F79EFBC}") = "LibTests", "tests\LibTests\LibTests.csproj", "{44E9D974-05F9-44BF-B3A2-7D38696B964B}"
EndProject
Global
	GlobalSection(SolutionConfigurationPlatforms) = preSolution
		Debug|Any CPU = Debug|Any CPU
		Debug|x64 = Debug|x64
		Debug|x86 = Debug|x86
		Release|Any CPU = Release|Any CPU
		Release|x64 = Release|x64
		Release|x86 = Release|x86
	EndGlobalSection
	GlobalSection(SolutionProperties) = preSolution
		HideSolutionNode = FALSE
	EndGlobalSection
	GlobalSection(ProjectConfigurationPlatforms) = postSolution
		{90B5DDD5-2E71-46F1-BAD1-8FC5910362EE}.Debug|Any CPU.ActiveCfg = Debug|Any CPU
		{90B5DDD5-2E71-46F1-BAD1-8FC5910362EE}.Debug|Any CPU.Build.0 = Debug|Any CPU
		{90B5DDD5-2E71-46F1-BAD1-8FC5910362EE}.Debug|x64.ActiveCfg = Debug|Any CPU
		{90B5DDD5-2E71-46F1-BAD1-8FC5910362EE}.Debug|x64.Build.0 = Debug|Any CPU
		{90B5DDD5-2E71-46F1-BAD1-8FC5910362EE}.Debug|x86.ActiveCfg = Debug|Any CPU
		{90B5DDD5-2E71-46F1-BAD1-8FC5910362EE}.Debug|x86.Build.0 = Debug|Any CPU
		{90B5DDD5-2E71-46F1-BAD1-8FC5910362EE}.Release|Any CPU.ActiveCfg = Release|Any CPU
		{90B5DDD5-2E71-46F1-BAD1-8FC5910362EE}.Release|Any CPU.Build.0 = Release|Any CPU
		{90B5DDD5-2E71-46F1-BAD1-8FC5910362EE}.Release|x64.ActiveCfg = Release|Any CPU
		{90B5DDD5-2E71-46F1-BAD1-8FC5910362EE}.Release|x64.Build.0 = Release|Any CPU
		{90B5DDD5-2E71-46F1-BAD1-8FC5910362EE}.Release|x86.ActiveCfg = Release|Any CPU
		{90B5DDD5-2E71-46F1-BAD1-8FC5910362EE}.Release|x86.Build.0 = Release|Any CPU
		{44E9D974-05F9-44BF-B3A2-7D38696B964B}.Debug|Any CPU.ActiveCfg = Debug|Any CPU
		{44E9D974-05F9-44BF-B3A2-7D38696B964B}.Debug|Any CPU.Build.0 = Debug|Any CPU
		{44E9D974-05F9-44BF-B3A2-7D38696B964B}.Debug|x64.ActiveCfg = Debug|Any CPU
		{44E9D974-05F9-44BF-B3A2-7D38696B964B}.Debug|x64.Build.0 = Debug|Any CPU
		{44E9D974-05F9-44BF-B3A2-7D38696B964B}.Debug|x86.ActiveCfg = Debug|Any CPU
		{44E9D974-05F9-44BF-B3A2-7D38696B964B}.Debug|x86.Build.0 = Debug|Any CPU
		{44E9D974-05F9-44BF-B3A2-7D38696B964B}.Release|Any CPU.ActiveCfg = Release|Any CPU
		{44E9D974-05F9-44BF-B3A2-7D38696B964B}.Release|Any CPU.Build.0 = Release|Any CPU
		{44E9D974-05F9-44BF-B3A2-7D38696B964B}.Release|x64.ActiveCfg = Release|Any CPU
		{44E9D974-05F9-44BF-B3A2-7D38696B964B}.Release|x64.Build.0 = Release|Any CPU
		{44E9D974-05F9-44BF-B3A2-7D38696B964B}.Release|x86.ActiveCfg = Release|Any CPU
		{44E9D974-05F9-44BF-B3A2-7D38696B964B}.Release|x86.Build.0 = Release|Any CPU
	EndGlobalSection
	GlobalSection(NestedProjects) = preSolution
		{90B5DDD5-2E71-46F1-BAD1-8FC5910362EE} = {5E6E99F1-0A03-48E2-8597-6E24B986205E}
		{44E9D974-05F9-44BF-B3A2-7D38696B964B} = {38F548E8-F24C-4837-A5CA-1DE86D4A1A61}
	EndGlobalSection
EndGlobal
